
Microsoft Visual Studio Solution File, Format Version 12.00
# Visual Studio Version 17
VisualStudioVersion = 17.9.34607.119
MinimumVisualStudioVersion = 10.0.40219.1
Project("{FAE04EC0-301F-11D3-BF4B-00C04F79EFBC}") = "MealPlanner", "MealPlanner\MealPlanner.csproj", "{0A2FA410-DFBB-46B3-9604-65E571FAB22D}"
EndProject
Global
	GlobalSection(SolutionConfigurationPlatforms) = preSolution
		Debug|Any CPU = Debug|Any CPU
		Release|Any CPU = Release|Any CPU
	EndGlobalSection
	GlobalSection(ProjectConfigurationPlatforms) = postSolution
		{0A2FA410-DFBB-46B3-9604-65E571FAB22D}.Debug|Any CPU.ActiveCfg = Debug|Any CPU
		{0A2FA410-DFBB-46B3-9604-65E571FAB22D}.Debug|Any CPU.Build.0 = Debug|Any CPU
		{0A2FA410-DFBB-46B3-9604-65E571FAB22D}.Release|Any CPU.ActiveCfg = Release|Any CPU
		{0A2FA410-DFBB-46B3-9604-65E571FAB22D}.Release|Any CPU.Build.0 = Release|Any CPU
	EndGlobalSection
	GlobalSection(SolutionProperties) = preSolution
		HideSolutionNode = FALSE
	EndGlobalSection
	GlobalSection(ExtensibilityGlobals) = postSolution
		SolutionGuid = {B04AB51F-943B-4E3D-9CC2-03DEBA4D0DC7}
	EndGlobalSection
EndGlobal
